
Microsoft Visual Studio Solution File, Format Version 12.00
# Visual Studio Version 17
VisualStudioVersion = 17.8.34330.188
MinimumVisualStudioVersion = 10.0.40219.1
Project("{FAE04EC0-301F-11D3-BF4B-00C04F79EFBC}") = "DutchGame", "DutchGame.csproj", "{7BCDF0B4-194D-4788-A5FB-443C79C731E5}"
EndProject
Global
	GlobalSection(SolutionConfigurationPlatforms) = preSolution
		Debug|Any CPU = Debug|Any CPU
		Release|Any CPU = Release|Any CPU
	EndGlobalSection
	GlobalSection(ProjectConfigurationPlatforms) = postSolution
		{7BCDF0B4-194D-4788-A5FB-443C79C731E5}.Debug|Any CPU.ActiveCfg = Debug|Any CPU
		{7BCDF0B4-194D-4788-A5FB-443C79C731E5}.Debug|Any CPU.Build.0 = Debug|Any CPU
		{7BCDF0B4-194D-4788-A5FB-443C79C731E5}.Release|Any CPU.ActiveCfg = Release|Any CPU
		{7BCDF0B4-194D-4788-A5FB-443C79C731E5}.Release|Any CPU.Build.0 = Release|Any CPU
	EndGlobalSection
	GlobalSection(SolutionProperties) = preSolution
		HideSolutionNode = FALSE
	EndGlobalSection
	GlobalSection(ExtensibilityGlobals) = postSolution
		SolutionGuid = {EE1B1A29-21CA-4236-A764-B81DEF4B2839}
	EndGlobalSection
EndGlobal
